
Microsoft Visual Studio Solution File, Format Version 12.00
# Visual Studio Version 17
VisualStudioVersion = 17.2.32526.322
MinimumVisualStudioVersion = 10.0.40219.1
Project("{FAE04EC0-301F-11D3-BF4B-00C04F79EFBC}") = "GeometricShapes", "GeometricShapes\GeometricShapes.csproj", "{71B69BFE-3766-4700-9F8E-9CAD5B1723FA}"
EndProject
Global
	GlobalSection(SolutionConfigurationPlatforms) = preSolution
		Debug|Any CPU = Debug|Any CPU
		Release|Any CPU = Release|Any CPU
	EndGlobalSection
	GlobalSection(ProjectConfigurationPlatforms) = postSolution
		{71B69BFE-3766-4700-9F8E-9CAD5B1723FA}.Debug|Any CPU.ActiveCfg = Debug|Any CPU
		{71B69BFE-3766-4700-9F8E-9CAD5B1723FA}.Debug|Any CPU.Build.0 = Debug|Any CPU
		{71B69BFE-3766-4700-9F8E-9CAD5B1723FA}.Release|Any CPU.ActiveCfg = Release|Any CPU
		{71B69BFE-3766-4700-9F8E-9CAD5B1723FA}.Release|Any CPU.Build.0 = Release|Any CPU
	EndGlobalSection
	GlobalSection(SolutionProperties) = preSolution
		HideSolutionNode = FALSE
	EndGlobalSection
	GlobalSection(ExtensibilityGlobals) = postSolution
		SolutionGuid = {7E242932-BC97-47EC-BB74-5637BF72ACD5}
	EndGlobalSection
EndGlobal
